// !$*UTF8*$!
{
	archiveVersion = 1;
	classes = {
	};
	objectVersion = 48;
	objects = {

/* Begin PBXBuildFile section */
		9B8B42192029A01000CA5834 /* main.swift in Sources */ = {isa = PBXBuildFile; fileRef = 9B8B42182029A01000CA5834 /* main.swift */; };
		9B8B42202029A03300CA5834 /* Protocols.swift in Sources */ = {isa = PBXBuildFile; fileRef = 9B8B421F2029A03300CA5834 /* Protocols.swift */; };
		9B8B42222029A09D00CA5834 /* TestA.swift in Sources */ = {isa = PBXBuildFile; fileRef = 9B8B42212029A09D00CA5834 /* TestA.swift */; };
		9B8B42242029A63D00CA5834 /* TestB.swift in Sources */ = {isa = PBXBuildFile; fileRef = 9B8B42232029A63D00CA5834 /* TestB.swift */; };
		9B8B42262029A8E900CA5834 /* Arithmetic.swift in Sources */ = {isa = PBXBuildFile; fileRef = 9B8B42252029A8E900CA5834 /* Arithmetic.swift */; };
		9B8B42282029ABE400CA5834 /* Addition.swift in Sources */ = {isa = PBXBuildFile; fileRef = 9B8B42272029ABE400CA5834 /* Addition.swift */; };
		9B8B422A2029BAF100CA5834 /* Extension.swift in Sources */ = {isa = PBXBuildFile; fileRef = 9B8B42292029BAF100CA5834 /* Extension.swift */; };
/* End PBXBuildFile section */

/* Begin PBXCopyFilesBuildPhase section */
		9B8B42132029A01000CA5834 /* CopyFiles */ = {
			isa = PBXCopyFilesBuildPhase;
			buildActionMask = 2147483647;
			dstPath = /usr/share/man/man1/;
			dstSubfolderSpec = 0;
			files = (
			);
			runOnlyForDeploymentPostprocessing = 1;
		};
/* End PBXCopyFilesBuildPhase section */

/* Begin PBXFileReference section */
		9B8B42152029A01000CA5834 /* Day7 */ = {isa = PBXFileReference; explicitFileType = "compiled.mach-o.executable"; includeInIndex = 0; path = Day7; sourceTree = BUILT_PRODUCTS_DIR; };
		9B8B42182029A01000CA5834 /* main.swift */ = {isa = PBXFileReference; lastKnownFileType = sourcecode.swift; path = main.swift; sourceTree = "<group>"; };
		9B8B421F2029A03300CA5834 /* Protocols.swift */ = {isa = PBXFileReference; lastKnownFileType = sourcecode.swift; path = Protocols.swift; sourceTree = "<group>"; };
		9B8B42212029A09D00CA5834 /* TestA.swift */ = {isa = PBXFileReference; lastKnownFileType = sourcecode.swift; path = TestA.swift; sourceTree = "<group>"; };
		9B8B42232029A63D00CA5834 /* TestB.swift */ = {isa = PBXFileReference; lastKnownFileType = sourcecode.swift; path = TestB.swift; sourceTree = "<group>"; };
		9B8B42252029A8E900CA5834 /* Arithmetic.swift */ = {isa = PBXFileReference; lastKnownFileType = sourcecode.swift; path = Arithmetic.swift; sourceTree = "<group>"; };
		9B8B42272029ABE400CA5834 /* Addition.swift */ = {isa = PBXFileReference; lastKnownFileType = sourcecode.swift; path = Addition.swift; sourceTree = "<group>"; };
		9B8B42292029BAF100CA5834 /* Extension.swift */ = {isa = PBXFileReference; lastKnownFileType = sourcecode.swift; path = Extension.swift; sourceTree = "<group>"; };
/* End PBXFileReference section */

/* Begin PBXFrameworksBuildPhase section */
		9B8B42122029A01000CA5834 /* Frameworks */ = {
			isa = PBXFrameworksBuildPhase;
			buildActionMask = 2147483647;
			files = (
			);
			runOnlyForDeploymentPostprocessing = 0;
		};
/* End PBXFrameworksBuildPhase section */

/* Begin PBXGroup section */
		9B8B420C2029A01000CA5834 = {
			isa = PBXGroup;
			children = (
				9B8B42172029A01000CA5834 /* Day7 */,
				9B8B42162029A01000CA5834 /* Products */,
			);
			sourceTree = "<group>";
		};
		9B8B42162029A01000CA5834 /* Products */ = {
			isa = PBXGroup;
			children = (
				9B8B42152029A01000CA5834 /* Day7 */,
			);
			name = Products;
			sourceTree = "<group>";
		};
		9B8B42172029A01000CA5834 /* Day7 */ = {
			isa = PBXGroup;
			children = (
				9B8B42182029A01000CA5834 /* main.swift */,
				9B8B421F2029A03300CA5834 /* Protocols.swift */,
				9B8B42212029A09D00CA5834 /* TestA.swift */,
				9B8B42232029A63D00CA5834 /* TestB.swift */,
				9B8B42252029A8E900CA5834 /* Arithmetic.swift */,
				9B8B42272029ABE400CA5834 /* Addition.swift */,
				9B8B42292029BAF100CA5834 /* Extension.swift */,
			);
			path = Day7;
			sourceTree = "<group>";
		};
/* End PBXGroup section */

/* Begin PBXNativeTarget section */
		9B8B42142029A01000CA5834 /* Day7 */ = {
			isa = PBXNativeTarget;
			buildConfigurationList = 9B8B421C2029A01000CA5834 /* Build configuration list for PBXNativeTarget "Day7" */;
			buildPhases = (
				9B8B42112029A01000CA5834 /* Sources */,
				9B8B42122029A01000CA5834 /* Frameworks */,
				9B8B42132029A01000CA5834 /* CopyFiles */,
			);
			buildRules = (
			);
			dependencies = (
			);
			name = Day7;
			productName = Day7;
			productReference = 9B8B42152029A01000CA5834 /* Day7 */;
			productType = "com.apple.product-type.tool";
		};
/* End PBXNativeTarget section */

/* Begin PBXProject section */
		9B8B420D2029A01000CA5834 /* Project object */ = {
			isa = PBXProject;
			attributes = {
				LastSwiftUpdateCheck = 0920;
				LastUpgradeCheck = 0920;
				ORGANIZATIONNAME = MacStudent;
				TargetAttributes = {
					9B8B42142029A01000CA5834 = {
						CreatedOnToolsVersion = 9.2;
						ProvisioningStyle = Automatic;
					};
				};
			};
			buildConfigurationList = 9B8B42102029A01000CA5834 /* Build configuration list for PBXProject "Day7" */;
			compatibilityVersion = "Xcode 8.0";
			developmentRegion = en;
			hasScannedForEncodings = 0;
			knownRegions = (
				en,
			);
			mainGroup = 9B8B420C2029A01000CA5834;
			productRefGroup = 9B8B42162029A01000CA5834 /* Products */;
			projectDirPath = "";
			projectRoot = "";
			targets = (
				9B8B42142029A01000CA5834 /* Day7 */,
			);
		};
/* End PBXProject section */

/* Begin PBXSourcesBuildPhase section */
		9B8B42112029A01000CA5834 /* Sources */ = {
			isa = PBXSourcesBuildPhase;
			buildActionMask = 2147483647;
			files = (
				9B8B42262029A8E900CA5834 /* Arithmetic.swift in Sources */,
				9B8B42282029ABE400CA5834 /* Addition.swift in Sources */,
				9B8B422A2029BAF100CA5834 /* Extension.swift in Sources */,
				9B8B42242029A63D00CA5834 /* TestB.swift in Sources */,
				9B8B42222029A09D00CA5834 /* TestA.swift in Sources */,
				9B8B42192029A01000CA5834 /* main.swift in Sources */,
				9B8B42202029A03300CA5834 /* Protocols.swift in Sources */,
			);
			runOnlyForDeploymentPostprocessing = 0;
		};
/* End PBXSourcesBuildPhase section */

/* Begin XCBuildConfiguration section */
		9B8B421A2029A01000CA5834 /* Debug */ = {
			isa = XCBuildConfiguration;
			buildSettings = {
				ALWAYS_SEARCH_USER_PATHS = NO;
				CLANG_ANALYZER_NONNULL = YES;
				CLANG_ANALYZER_NUMBER_OBJECT_CONVERSION = YES_AGGRESSIVE;
				CLANG_CXX_LANGUAGE_STANDARD = "gnu++14";
				CLANG_CXX_LIBRARY = "libc++";
				CLANG_ENABLE_MODULES = YES;
				CLANG_ENABLE_OBJC_ARC = YES;
				CLANG_WARN_BLOCK_CAPTURE_AUTORELEASING = YES;
				CLANG_WARN_BOOL_CONVERSION = YES;
				CLANG_WARN_COMMA = YES;
				CLANG_WARN_CONSTANT_CONVERSION = YES;
				CLANG_WARN_DIRECT_OBJC_ISA_USAGE = YES_ERROR;
				CLANG_WARN_DOCUMENTATION_COMMENTS = YES;
				CLANG_WARN_EMPTY_BODY = YES;
				CLANG_WARN_ENUM_CONVERSION = YES;
				CLANG_WARN_INFINITE_RECURSION = YES;
				CLANG_WARN_INT_CONVERSION = YES;
				CLANG_WARN_NON_LITERAL_NULL_CONVERSION = YES;
				CLANG_WARN_OBJC_LITERAL_CONVERSION = YES;
				CLANG_WARN_OBJC_ROOT_CLASS = YES_ERROR;
				CLANG_WARN_RANGE_LOOP_ANALYSIS = YES;
				CLANG_WARN_STRICT_PROTOTYPES = YES;
				CLANG_WARN_SUSPICIOUS_MOVE = YES;
				CLANG_WARN_UNGUARDED_AVAILABILITY = YES_AGGRESSIVE;
				CLANG_WARN_UNREACHABLE_CODE = YES;
				CLANG_WARN__DUPLICATE_METHOD_MATCH = YES;
				CODE_SIGN_IDENTITY = "-";
				COPY_PHASE_STRIP = NO;
				DEBUG_INFORMATION_FORMAT = dwarf;
				ENABLE_STRICT_OBJC_MSGSEND = YES;
				ENABLE_TESTABILITY = YES;
				GCC_C_LANGUAGE_STANDARD = gnu11;
				GCC_DYNAMIC_NO_PIC = NO;
				GCC_NO_COMMON_BLOCKS = YES;
				GCC_OPTIMIZATION_LEVEL = 0;
				GCC_PREPROCESSOR_DEFINITIONS = (
					"DEBUG=1",
					"$(inherited)",
				);
				GCC_WARN_64_TO_32_BIT_CONVERSION = YES;
				GCC_WARN_ABOUT_RETURN_TYPE = YES_ERROR;
				GCC_WARN_UNDECLARED_SELECTOR = YES;
				GCC_WARN_UNINITIALIZED_AUTOS = YES_AGGRESSIVE;
				GCC_WARN_UNUSED_FUNCTION = YES;
				GCC_WARN_UNUSED_VARIABLE = YES;
				MACOSX_DEPLOYMENT_TARGET = 10.13;
				MTL_ENABLE_DEBUG_INFO = YES;
				ONLY_ACTIVE_ARCH = YES;
				SDKROOT = macosx;
				SWIFT_ACTIVE_COMPILATION_CONDITIONS = DEBUG;
				SWIFT_OPTIMIZATION_LEVEL = "-Onone";
			};
			name = Debug;
		};
		9B8B421B2029A01000CA5834 /* Release */ = {
			isa = XCBuildConfiguration;
			buildSettings = {
				ALWAYS_SEARCH_USER_PATHS = NO;
				CLANG_ANALYZER_NONNULL = YES;
				CLANG_ANALYZER_NUMBER_OBJECT_CONVERSION = YES_AGGRESSIVE;
				CLANG_CXX_LANGUAGE_STANDARD = "gnu++14";
				CLANG_CXX_LIBRARY = "libc++";
				CLANG_ENABLE_MODULES = YES;
				CLANG_ENABLE_OBJC_ARC = YES;
				CLANG_WARN_BLOCK_CAPTURE_AUTORELEASING = YES;
				CLANG_WARN_BOOL_CONVERSION = YES;
				CLANG_WARN_COMMA = YES;
				CLANG_WARN_CONSTANT_CONVERSION = YES;
				CLANG_WARN_DIRECT_OBJC_ISA_USAGE = YES_ERROR;
				CLANG_WARN_DOCUMENTATION_COMMENTS = YES;
				CLANG_WARN_EMPTY_BODY = YES;
				CLANG_WARN_ENUM_CONVERSION = YES;
				CLANG_WARN_INFINITE_RECURSION = YES;
				CLANG_WARN_INT_CONVERSION = YES;
				CLANG_WARN_NON_LITERAL_NULL_CONVERSION = YES;
				CLANG_WARN_OBJC_LITERAL_CONVERSION = YES;
				CLANG_WARN_OBJC_ROOT_CLASS = YES_ERROR;
				CLANG_WARN_RANGE_LOOP_ANALYSIS = YES;
				CLANG_WARN_STRICT_PROTOTYPES = YES;
				CLANG_WARN_SUSPICIOUS_MOVE = YES;
				CLANG_WARN_UNGUARDED_AVAILABILITY = YES_AGGRESSIVE;
				CLANG_WARN_UNREACHABLE_CODE = YES;
				CLANG_WARN__DUPLICATE_METHOD_MATCH = YES;
				CODE_SIGN_IDENTITY = "-";
				COPY_PHASE_STRIP = NO;
				DEBUG_INFORMATION_FORMAT = "dwarf-with-dsym";
				ENABLE_NS_ASSERTIONS = NO;
				ENABLE_STRICT_OBJC_MSGSEND = YES;
				GCC_C_LANGUAGE_STANDARD = gnu11;
				GCC_NO_COMMON_BLOCKS = YES;
				GCC_WARN_64_TO_32_BIT_CONVERSION = YES;
				GCC_WARN_ABOUT_RETURN_TYPE = YES_ERROR;
				GCC_WARN_UNDECLARED_SELECTOR = YES;
				GCC_WARN_UNINITIALIZED_AUTOS = YES_AGGRESSIVE;
				GCC_WARN_UNUSED_FUNCTION = YES;
				GCC_WARN_UNUSED_VARIABLE = YES;
				MACOSX_DEPLOYMENT_TARGET = 10.13;
				MTL_ENABLE_DEBUG_INFO = NO;
				SDKROOT = macosx;
				SWIFT_OPTIMIZATION_LEVEL = "-Owholemodule";
			};
			name = Release;
		};
		9B8B421D2029A01000CA5834 /* Debug */ = {
			isa = XCBuildConfiguration;
			buildSettings = {
				CODE_SIGN_STYLE = Automatic;
				PRODUCT_NAME = "$(TARGET_NAME)";
				SWIFT_VERSION = 4.0;
			};
			name = Debug;
		};
		9B8B421E2029A01000CA5834 /* Release */ = {
			isa = XCBuildConfiguration;
			buildSettings = {
				CODE_SIGN_STYLE = Automatic;
				PRODUCT_NAME = "$(TARGET_NAME)";
				SWIFT_VERSION = 4.0;
			};
			name = Release;
		};
/* End XCBuildConfiguration section */

/* Begin XCConfigurationList section */
		9B8B42102029A01000CA5834 /* Build configuration list for PBXProject "Day7" */ = {
			isa = XCConfigurationList;
			buildConfigurations = (
				9B8B421A2029A01000CA5834 /* Debug */,
				9B8B421B2029A01000CA5834 /* Release */,
			);
			defaultConfigurationIsVisible = 0;
			defaultConfigurationName = Release;
		};
		9B8B421C2029A01000CA5834 /* Build configuration list for PBXNativeTarget "Day7" */ = {
			isa = XCConfigurationList;
			buildConfigurations = (
				9B8B421D2029A01000CA5834 /* Debug */,
				9B8B421E2029A01000CA5834 /* Release */,
			);
			defaultConfigurationIsVisible = 0;
			defaultConfigurationName = Release;
		};
/* End XCConfigurationList section */
	};
	rootObject = 9B8B420D2029A01000CA5834 /* Project object */;
}
